
Microsoft Visual Studio Solution File, Format Version 12.00
# Visual Studio Version 16
VisualStudioVersion = 16.0.29021.104
MinimumVisualStudioVersion = 10.0.40219.1
Project("{9A19103F-16F7-4668-BE54-9A1E7A4F7556}") = "Z80Simulator", "Z80Simulator\Z80Simulator.csproj", "{4EF88662-ED3F-4660-AA05-8228B2D1C2F7}"
EndProject
Project("{9A19103F-16F7-4668-BE54-9A1E7A4F7556}") = "Z80Simulator.GenerateTables", "Z80Simulator.GenerateTables\Z80Simulator.GenerateTables.csproj", "{C452C295-50BF-48D0-9CBC-D50192E224B8}"
EndProject
Project("{9A19103F-16F7-4668-BE54-9A1E7A4F7556}") = "Z80Simulator.Test", "Z80Simulator.Test\Z80Simulator.Test.csproj", "{495616CC-C7E2-43F2-851B-A5D83D14D9D1}"
EndProject
Project("{9A19103F-16F7-4668-BE54-9A1E7A4F7556}") = "ZXSpectrum", "ZXSpectrum\ZXSpectrum.csproj", "{0B41BB74-8EB8-4D25-9DD8-3A196A83D895}"
EndProject
Project("{9A19103F-16F7-4668-BE54-9A1E7A4F7556}") = "ZXSpectrum.Test", "ZXSpectrum.Test\ZXSpectrum.Test.csproj", "{A720BBCC-2DA7-4940-9933-38D356A5841B}"
EndProject
Project("{FAE04EC0-301F-11D3-BF4B-00C04F79EFBC}") = "ZXSpectrumUI", "ZXSpectrumUI\ZXSpectrumUI.csproj", "{5903D757-AF64-4FAC-B017-509D442E3F3E}"
EndProject
Project("{FAE04EC0-301F-11D3-BF4B-00C04F79EFBC}") = "ZxCodeEditor", "ZxCodeEditor\ZxCodeEditor.csproj", "{033928D5-6472-4942-A295-38F9C110767A}"
EndProject
Global
	GlobalSection(SolutionConfigurationPlatforms) = preSolution
		Debug|Any CPU = Debug|Any CPU
		Release|Any CPU = Release|Any CPU
	EndGlobalSection
	GlobalSection(ProjectConfigurationPlatforms) = postSolution
		{4EF88662-ED3F-4660-AA05-8228B2D1C2F7}.Debug|Any CPU.ActiveCfg = Debug|Any CPU
		{4EF88662-ED3F-4660-AA05-8228B2D1C2F7}.Debug|Any CPU.Build.0 = Debug|Any CPU
		{4EF88662-ED3F-4660-AA05-8228B2D1C2F7}.Release|Any CPU.ActiveCfg = Release|Any CPU
		{4EF88662-ED3F-4660-AA05-8228B2D1C2F7}.Release|Any CPU.Build.0 = Release|Any CPU
		{C452C295-50BF-48D0-9CBC-D50192E224B8}.Debug|Any CPU.ActiveCfg = Debug|Any CPU
		{C452C295-50BF-48D0-9CBC-D50192E224B8}.Debug|Any CPU.Build.0 = Debug|Any CPU
		{C452C295-50BF-48D0-9CBC-D50192E224B8}.Release|Any CPU.ActiveCfg = Release|Any CPU
		{C452C295-50BF-48D0-9CBC-D50192E224B8}.Release|Any CPU.Build.0 = Release|Any CPU
		{495616CC-C7E2-43F2-851B-A5D83D14D9D1}.Debug|Any CPU.ActiveCfg = Debug|Any CPU
		{495616CC-C7E2-43F2-851B-A5D83D14D9D1}.Debug|Any CPU.Build.0 = Debug|Any CPU
		{495616CC-C7E2-43F2-851B-A5D83D14D9D1}.Release|Any CPU.ActiveCfg = Release|Any CPU
		{495616CC-C7E2-43F2-851B-A5D83D14D9D1}.Release|Any CPU.Build.0 = Release|Any CPU
		{0B41BB74-8EB8-4D25-9DD8-3A196A83D895}.Debug|Any CPU.ActiveCfg = Debug|Any CPU
		{0B41BB74-8EB8-4D25-9DD8-3A196A83D895}.Debug|Any CPU.Build.0 = Debug|Any CPU
		{0B41BB74-8EB8-4D25-9DD8-3A196A83D895}.Release|Any CPU.ActiveCfg = Release|Any CPU
		{0B41BB74-8EB8-4D25-9DD8-3A196A83D895}.Release|Any CPU.Build.0 = Release|Any CPU
		{A720BBCC-2DA7-4940-9933-38D356A5841B}.Debug|Any CPU.ActiveCfg = Debug|Any CPU
		{A720BBCC-2DA7-4940-9933-38D356A5841B}.Debug|Any CPU.Build.0 = Debug|Any CPU
		{A720BBCC-2DA7-4940-9933-38D356A5841B}.Release|Any CPU.ActiveCfg = Release|Any CPU
		{A720BBCC-2DA7-4940-9933-38D356A5841B}.Release|Any CPU.Build.0 = Release|Any CPU
		{5903D757-AF64-4FAC-B017-509D442E3F3E}.Debug|Any CPU.ActiveCfg = Debug|Any CPU
		{5903D757-AF64-4FAC-B017-509D442E3F3E}.Debug|Any CPU.Build.0 = Debug|Any CPU
		{5903D757-AF64-4FAC-B017-509D442E3F3E}.Release|Any CPU.ActiveCfg = Release|Any CPU
		{5903D757-AF64-4FAC-B017-509D442E3F3E}.Release|Any CPU.Build.0 = Release|Any CPU
		{033928D5-6472-4942-A295-38F9C110767A}.Debug|Any CPU.ActiveCfg = Debug|Any CPU
		{033928D5-6472-4942-A295-38F9C110767A}.Debug|Any CPU.Build.0 = Debug|Any CPU
		{033928D5-6472-4942-A295-38F9C110767A}.Release|Any CPU.ActiveCfg = Release|Any CPU
		{033928D5-6472-4942-A295-38F9C110767A}.Release|Any CPU.Build.0 = Release|Any CPU
	EndGlobalSection
	GlobalSection(SolutionProperties) = preSolution
		HideSolutionNode = FALSE
	EndGlobalSection
	GlobalSection(ExtensibilityGlobals) = postSolution
		SolutionGuid = {C6E879C9-6B79-40A3-A745-FECA7EDAD2BB}
	EndGlobalSection
EndGlobal
